// !$*UTF8*$!
{
	archiveVersion = 1;
	classes = {
	};
	objectVersion = 52;
	objects = {

/* Begin PBXBuildFile section */
		19C197841A84F325DC602E19 /* GoogleAuthInterceptor.swift in Sources */ = {isa = PBXBuildFile; fileRef = D226EF1F469A80F216BECA82 /* GoogleAuthInterceptor.swift */; };
		1DEDCF5947EAFA21B2D27BF2 /* GoogleSignInManager.swift in Sources */ = {isa = PBXBuildFile; fileRef = 8883486DB8F53CF780548C22 /* GoogleSignInManager.swift */; };
		40B787E9E2C8E8F6CAFABCA7 /* GoogleConfig.swift in Sources */ = {isa = PBXBuildFile; fileRef = DA0FB3A28EB4F965E0B4532B /* GoogleConfig.swift */; };
		4497ACF899EA6154FDF3B9E1 /* GoogleMapper.swift in Sources */ = {isa = PBXBuildFile; fileRef = F9F4AF4757E8B08556242B9B /* GoogleMapper.swift */; };
		931021ADC8E39173A2EEE966 /* YoutubeModels.swift in Sources */ = {isa = PBXBuildFile; fileRef = 8A0B81C34696E674C17DD095 /* YoutubeModels.swift */; };
		A244F1D05BFEA42690CFFDB1 /* GoogleDataSource.swift in Sources */ = {isa = PBXBuildFile; fileRef = 2FC096A92B0CD7684685E32E /* GoogleDataSource.swift */; };
		B21755B42CD872FE310DC239 /* GoogleRepositoryImpl.swift in Sources */ = {isa = PBXBuildFile; fileRef = BCD3DFE521789C4FA1562ED7 /* GoogleRepositoryImpl.swift */; };
		B4150D9228BC94B400934C3F /* SeoulUsecase.swift in Sources */ = {isa = PBXBuildFile; fileRef = B4150D9128BC94B400934C3F /* SeoulUsecase.swift */; };
		B4150D9528BC94D800934C3F /* SeoulUsecaseImpl.swift in Sources */ = {isa = PBXBuildFile; fileRef = B4150D9428BC94D800934C3F /* SeoulUsecaseImpl.swift */; };
		B4150D9728BC992800934C3F /* Response.swift in Sources */ = {isa = PBXBuildFile; fileRef = B4150D9628BC992800934C3F /* Response.swift */; };
		B41DE5DA298CE33200532603 /* SeoulDataSource.swift in Sources */ = {isa = PBXBuildFile; fileRef = B41DE5D9298CE33200532603 /* SeoulDataSource.swift */; };
		B45A3D44275DAE1000660F6E /* AppDelegate.swift in Sources */ = {isa = PBXBuildFile; fileRef = B45A3D43275DAE1000660F6E /* AppDelegate.swift */; };
		B45A3D46275DAE1000660F6E /* SceneDelegate.swift in Sources */ = {isa = PBXBuildFile; fileRef = B45A3D45275DAE1000660F6E /* SceneDelegate.swift */; };
		B45A3D48275DAE1000660F6E /* MainViewController.swift in Sources */ = {isa = PBXBuildFile; fileRef = B45A3D47275DAE1000660F6E /* MainViewController.swift */; };
		B45A3D71275DB60200660F6E /* NewCultureEvent.swift in Sources */ = {isa = PBXBuildFile; fileRef = B45A3D70275DB60200660F6E /* NewCultureEvent.swift */; };
		B45C41C428B3162A009C46DB /* SeoulApi.swift in Sources */ = {isa = PBXBuildFile; fileRef = B45C41C328B3162A009C46DB /* SeoulApi.swift */; };
		B45C41C828B31746009C46DB /* SeoulRepositoryImpl.swift in Sources */ = {isa = PBXBuildFile; fileRef = B45C41C728B31746009C46DB /* SeoulRepositoryImpl.swift */; };
		B45C41CA28B3182B009C46DB /* S206SeoulTests.swift in Sources */ = {isa = PBXBuildFile; fileRef = B45C41C928B3182B009C46DB /* S206SeoulTests.swift */; };
		B45C41D628B33D95009C46DB /* Alamofire in Frameworks */ = {isa = PBXBuildFile; productRef = B45C41D528B33D95009C46DB /* Alamofire */; };
		B45C41D828B36A34009C46DB /* CulturalEventInfo.swift in Sources */ = {isa = PBXBuildFile; fileRef = B45C41D728B36A34009C46DB /* CulturalEventInfo.swift */; };
		B45C41DB28B36F6B009C46DB /* CulturalEventInfoResponse.swift in Sources */ = {isa = PBXBuildFile; fileRef = B45C41DA28B36F6B009C46DB /* CulturalEventInfoResponse.swift */; };
		B45C41DD28B36F86009C46DB /* CulturalEventInfoResult.swift in Sources */ = {isa = PBXBuildFile; fileRef = B45C41DC28B36F86009C46DB /* CulturalEventInfoResult.swift */; };
		B45C41DF28B36FC1009C46DB /* CulturalEvent.swift in Sources */ = {isa = PBXBuildFile; fileRef = B45C41DE28B36FC1009C46DB /* CulturalEvent.swift */; };
		B46711D2277AB5C800C1597F /* Colors.xcassets in Resources */ = {isa = PBXBuildFile; fileRef = B46711D1277AB5C800C1597F /* Colors.xcassets */; };
		B46711D4277AB5D400C1597F /* Images.xcassets in Resources */ = {isa = PBXBuildFile; fileRef = B46711D3277AB5D400C1597F /* Images.xcassets */; };
		B47D0BBA27746C5200DD9C2C /* LaunchScreen.storyboard in Resources */ = {isa = PBXBuildFile; fileRef = B47D0BB927746C5200DD9C2C /* LaunchScreen.storyboard */; };
		B47D0BBC27746C6300DD9C2C /* Main.storyboard in Resources */ = {isa = PBXBuildFile; fileRef = B47D0BBB27746C6300DD9C2C /* Main.storyboard */; };
		B47D0BC327746D1A00DD9C2C /* Localizable.strings in Resources */ = {isa = PBXBuildFile; fileRef = B47D0BC527746D1A00DD9C2C /* Localizable.strings */; };
		BA000000000000000000AAA3 /* SeoulError.swift in Sources */ = {isa = PBXBuildFile; fileRef = BA000000000000000000AAA2 /* SeoulError.swift */; };
		BA000000000000000000BBB3 /* SeoulRepository.swift in Sources */ = {isa = PBXBuildFile; fileRef = BA000000000000000000BBB2 /* SeoulRepository.swift */; };
		BA000000000000000000CCC3 /* SeoulMapper.swift in Sources */ = {isa = PBXBuildFile; fileRef = BA000000000000000000CCC2 /* SeoulMapper.swift */; };
		BA000000000000000000DDD2 /* NetworkConfig.swift in Sources */ = {isa = PBXBuildFile; fileRef = BA000000000000000000DDD1 /* NetworkConfig.swift */; };
		BA000000000000000000EEE3 /* AppContainer.swift in Sources */ = {isa = PBXBuildFile; fileRef = BA000000000000000000EEE2 /* AppContainer.swift */; };
		BEA456115F8C6D922DB293F5 /* GoogleUsecases.swift in Sources */ = {isa = PBXBuildFile; fileRef = 1B29A65ADF777CF6705F87E4 /* GoogleUsecases.swift */; };
		CBABCF985F5CFC572BA67049 /* GoogleAuthState.swift in Sources */ = {isa = PBXBuildFile; fileRef = 3D933B8CCDF515A1C1831393 /* GoogleAuthState.swift */; };
		CBECA479ED955016F6C1C330 /* TokenStore.swift in Sources */ = {isa = PBXBuildFile; fileRef = E18C2B020F0C37BC3147CDA2 /* TokenStore.swift */; };
		CC1B1B1B1B1B1B1B1B1B1B1B /* LoadState.swift in Sources */ = {isa = PBXBuildFile; fileRef = CC1A1A1A1A1A1A1A1A1A1A1A /* LoadState.swift */; };
		CC2B2B2B2B2B2B2B2B2B2B2B /* MainViewModel.swift in Sources */ = {isa = PBXBuildFile; fileRef = CC2A2A2A2A2A2A2A2A2A2A2A /* MainViewModel.swift */; };
		E2A524B589AA9BD396781024 /* GoogleError.swift in Sources */ = {isa = PBXBuildFile; fileRef = FD4DFA3B25F050B286262FF9 /* GoogleError.swift */; };
		E874F640E7C76F878C970F77 /* YoutubeDTO.swift in Sources */ = {isa = PBXBuildFile; fileRef = F625AB03512AF113F96F03B9 /* YoutubeDTO.swift */; };
		F1DF631E03B633453933194A /* GoogleRepository.swift in Sources */ = {isa = PBXBuildFile; fileRef = 15FFEF05A120B7A206B62BBA /* GoogleRepository.swift */; };
		F3F542B628EAF94C0081E00A /* Swinject in Frameworks */ = {isa = PBXBuildFile; productRef = F3F542B528EAF94C0081E00A /* Swinject */; };
		FE6F5FEB66ECAC6D8FC6FC5C /* GoogleApi.swift in Sources */ = {isa = PBXBuildFile; fileRef = A107C274BC3E2F14AF79AB30 /* GoogleApi.swift */; };
/* End PBXBuildFile section */

/* Begin PBXContainerItemProxy section */
		0A61247D289CFE6300B02DEE /* PBXContainerItemProxy */ = {
			isa = PBXContainerItemProxy;
			containerPortal = B45A3D38275DAE1000660F6E /* Project object */;
			proxyType = 1;
			remoteGlobalIDString = B45A3D3F275DAE1000660F6E;
			remoteInfo = S206;
		};
/* End PBXContainerItemProxy section */

/* Begin PBXFileReference section */
		0A612479289CFE6300B02DEE /* S206Tests.xctest */ = {isa = PBXFileReference; explicitFileType = wrapper.cfbundle; includeInIndex = 0; path = S206Tests.xctest; sourceTree = BUILT_PRODUCTS_DIR; };
		15FFEF05A120B7A206B62BBA /* GoogleRepository.swift */ = {isa = PBXFileReference; includeInIndex = 1; lastKnownFileType = sourcecode.swift; path = GoogleRepository.swift; sourceTree = "<group>"; };
		1B29A65ADF777CF6705F87E4 /* GoogleUsecases.swift */ = {isa = PBXFileReference; includeInIndex = 1; lastKnownFileType = sourcecode.swift; path = GoogleUsecases.swift; sourceTree = "<group>"; };
		2FC096A92B0CD7684685E32E /* GoogleDataSource.swift */ = {isa = PBXFileReference; includeInIndex = 1; lastKnownFileType = sourcecode.swift; path = GoogleDataSource.swift; sourceTree = "<group>"; };
		3D933B8CCDF515A1C1831393 /* GoogleAuthState.swift */ = {isa = PBXFileReference; includeInIndex = 1; lastKnownFileType = sourcecode.swift; path = GoogleAuthState.swift; sourceTree = "<group>"; };
		8883486DB8F53CF780548C22 /* GoogleSignInManager.swift */ = {isa = PBXFileReference; includeInIndex = 1; lastKnownFileType = sourcecode.swift; path = GoogleSignInManager.swift; sourceTree = "<group>"; };
		8A0B81C34696E674C17DD095 /* YoutubeModels.swift */ = {isa = PBXFileReference; includeInIndex = 1; lastKnownFileType = sourcecode.swift; path = YoutubeModels.swift; sourceTree = "<group>"; };
		A107C274BC3E2F14AF79AB30 /* GoogleApi.swift */ = {isa = PBXFileReference; includeInIndex = 1; lastKnownFileType = sourcecode.swift; path = GoogleApi.swift; sourceTree = "<group>"; };
		B4150D9128BC94B400934C3F /* SeoulUsecase.swift */ = {isa = PBXFileReference; lastKnownFileType = sourcecode.swift; path = SeoulUsecase.swift; sourceTree = "<group>"; };
		B4150D9428BC94D800934C3F /* SeoulUsecaseImpl.swift */ = {isa = PBXFileReference; lastKnownFileType = sourcecode.swift; path = SeoulUsecaseImpl.swift; sourceTree = "<group>"; };
		B4150D9628BC992800934C3F /* Response.swift */ = {isa = PBXFileReference; lastKnownFileType = sourcecode.swift; path = Response.swift; sourceTree = "<group>"; };
		B41DE5D9298CE33200532603 /* SeoulDataSource.swift */ = {isa = PBXFileReference; lastKnownFileType = sourcecode.swift; path = SeoulDataSource.swift; sourceTree = "<group>"; };
		B45A3D40275DAE1000660F6E /* S206.app */ = {isa = PBXFileReference; explicitFileType = wrapper.application; includeInIndex = 0; path = S206.app; sourceTree = BUILT_PRODUCTS_DIR; };
		B45A3D43275DAE1000660F6E /* AppDelegate.swift */ = {isa = PBXFileReference; lastKnownFileType = sourcecode.swift; path = AppDelegate.swift; sourceTree = "<group>"; };
		B45A3D45275DAE1000660F6E /* SceneDelegate.swift */ = {isa = PBXFileReference; lastKnownFileType = sourcecode.swift; path = SceneDelegate.swift; sourceTree = "<group>"; };
		B45A3D47275DAE1000660F6E /* MainViewController.swift */ = {isa = PBXFileReference; lastKnownFileType = sourcecode.swift; path = MainViewController.swift; sourceTree = "<group>"; };
		B45A3D70275DB60200660F6E /* NewCultureEvent.swift */ = {isa = PBXFileReference; lastKnownFileType = sourcecode.swift; path = NewCultureEvent.swift; sourceTree = "<group>"; };
		B45C41C328B3162A009C46DB /* SeoulApi.swift */ = {isa = PBXFileReference; lastKnownFileType = sourcecode.swift; path = SeoulApi.swift; sourceTree = "<group>"; };
		B45C41C728B31746009C46DB /* SeoulRepositoryImpl.swift */ = {isa = PBXFileReference; lastKnownFileType = sourcecode.swift; path = SeoulRepositoryImpl.swift; sourceTree = "<group>"; };
		B45C41C928B3182B009C46DB /* S206SeoulTests.swift */ = {isa = PBXFileReference; lastKnownFileType = sourcecode.swift; path = S206SeoulTests.swift; sourceTree = "<group>"; };
		B45C41D728B36A34009C46DB /* CulturalEventInfo.swift */ = {isa = PBXFileReference; lastKnownFileType = sourcecode.swift; path = CulturalEventInfo.swift; sourceTree = "<group>"; };
		B45C41DA28B36F6B009C46DB /* CulturalEventInfoResponse.swift */ = {isa = PBXFileReference; lastKnownFileType = sourcecode.swift; path = CulturalEventInfoResponse.swift; sourceTree = "<group>"; };
		B45C41DC28B36F86009C46DB /* CulturalEventInfoResult.swift */ = {isa = PBXFileReference; lastKnownFileType = sourcecode.swift; path = CulturalEventInfoResult.swift; sourceTree = "<group>"; };
		B45C41DE28B36FC1009C46DB /* CulturalEvent.swift */ = {isa = PBXFileReference; lastKnownFileType = sourcecode.swift; path = CulturalEvent.swift; sourceTree = "<group>"; };
		B46711D1277AB5C800C1597F /* Colors.xcassets */ = {isa = PBXFileReference; lastKnownFileType = folder.assetcatalog; path = Colors.xcassets; sourceTree = "<group>"; };
		B46711D3277AB5D400C1597F /* Images.xcassets */ = {isa = PBXFileReference; lastKnownFileType = folder.assetcatalog; path = Images.xcassets; sourceTree = "<group>"; };
		B47D0BA9277468A900DD9C2C /* Info.plist */ = {isa = PBXFileReference; fileEncoding = 4; lastKnownFileType = text.plist.xml; path = Info.plist; sourceTree = "<group>"; };
		B47D0BB927746C5200DD9C2C /* LaunchScreen.storyboard */ = {isa = PBXFileReference; fileEncoding = 4; lastKnownFileType = file.storyboard; path = LaunchScreen.storyboard; sourceTree = "<group>"; };
		B47D0BBB27746C6300DD9C2C /* Main.storyboard */ = {isa = PBXFileReference; fileEncoding = 4; lastKnownFileType = file.storyboard; path = Main.storyboard; sourceTree = "<group>"; };
		B47D0BC427746D1A00DD9C2C /* en */ = {isa = PBXFileReference; lastKnownFileType = text.plist.strings; name = en; path = en.lproj/Localizable.strings; sourceTree = "<group>"; };
		B47D0BC627746D2A00DD9C2C /* ko */ = {isa = PBXFileReference; lastKnownFileType = text.plist.strings; name = ko; path = ko.lproj/Localizable.strings; sourceTree = "<group>"; };
		BA000000000000000000AAA2 /* SeoulError.swift */ = {isa = PBXFileReference; lastKnownFileType = sourcecode.swift; path = SeoulError.swift; sourceTree = "<group>"; };
		BA000000000000000000BBB2 /* SeoulRepository.swift */ = {isa = PBXFileReference; lastKnownFileType = sourcecode.swift; path = SeoulRepository.swift; sourceTree = "<group>"; };
		BA000000000000000000CCC2 /* SeoulMapper.swift */ = {isa = PBXFileReference; lastKnownFileType = sourcecode.swift; path = SeoulMapper.swift; sourceTree = "<group>"; };
		BA000000000000000000DDD1 /* NetworkConfig.swift */ = {isa = PBXFileReference; lastKnownFileType = sourcecode.swift; path = NetworkConfig.swift; sourceTree = "<group>"; };
		BA000000000000000000EEE2 /* AppContainer.swift */ = {isa = PBXFileReference; lastKnownFileType = sourcecode.swift; path = AppContainer.swift; sourceTree = "<group>"; };
		BA000000000000000000FFF1 /* Secrets.xcconfig */ = {isa = PBXFileReference; lastKnownFileType = text.xcconfig; path = Secrets.xcconfig; sourceTree = "<group>"; };
		BA000000000000000000FFF2 /* Secrets.xcconfig.example */ = {isa = PBXFileReference; lastKnownFileType = text; path = Secrets.xcconfig.example; sourceTree = "<group>"; };
		BCD3DFE521789C4FA1562ED7 /* GoogleRepositoryImpl.swift */ = {isa = PBXFileReference; includeInIndex = 1; lastKnownFileType = sourcecode.swift; path = GoogleRepositoryImpl.swift; sourceTree = "<group>"; };
		CC1A1A1A1A1A1A1A1A1A1A1A /* LoadState.swift */ = {isa = PBXFileReference; lastKnownFileType = sourcecode.swift; path = LoadState.swift; sourceTree = "<group>"; };
		CC2A2A2A2A2A2A2A2A2A2A2A /* MainViewModel.swift */ = {isa = PBXFileReference; lastKnownFileType = sourcecode.swift; path = MainViewModel.swift; sourceTree = "<group>"; };
		D226EF1F469A80F216BECA82 /* GoogleAuthInterceptor.swift */ = {isa = PBXFileReference; includeInIndex = 1; lastKnownFileType = sourcecode.swift; path = GoogleAuthInterceptor.swift; sourceTree = "<group>"; };
		DA0FB3A28EB4F965E0B4532B /* GoogleConfig.swift */ = {isa = PBXFileReference; includeInIndex = 1; lastKnownFileType = sourcecode.swift; path = GoogleConfig.swift; sourceTree = "<group>"; };
		E18C2B020F0C37BC3147CDA2 /* TokenStore.swift */ = {isa = PBXFileReference; includeInIndex = 1; lastKnownFileType = sourcecode.swift; path = TokenStore.swift; sourceTree = "<group>"; };
		F625AB03512AF113F96F03B9 /* YoutubeDTO.swift */ = {isa = PBXFileReference; includeInIndex = 1; lastKnownFileType = sourcecode.swift; path = YoutubeDTO.swift; sourceTree = "<group>"; };
		F9F4AF4757E8B08556242B9B /* GoogleMapper.swift */ = {isa = PBXFileReference; includeInIndex = 1; lastKnownFileType = sourcecode.swift; path = GoogleMapper.swift; sourceTree = "<group>"; };
		FD4DFA3B25F050B286262FF9 /* GoogleError.swift */ = {isa = PBXFileReference; includeInIndex = 1; lastKnownFileType = sourcecode.swift; path = GoogleError.swift; sourceTree = "<group>"; };
/* End PBXFileReference section */

/* Begin PBXFrameworksBuildPhase section */
		0A612476289CFE6300B02DEE /* Frameworks */ = {
			isa = PBXFrameworksBuildPhase;
			buildActionMask = 2147483647;
			files = (
			);
			runOnlyForDeploymentPostprocessing = 0;
		};
		B45A3D3D275DAE1000660F6E /* Frameworks */ = {
			isa = PBXFrameworksBuildPhase;
			buildActionMask = 2147483647;
			files = (
				B45C41D628B33D95009C46DB /* Alamofire in Frameworks */,
				F3F542B628EAF94C0081E00A /* Swinject in Frameworks */,
			);
			runOnlyForDeploymentPostprocessing = 0;
		};
/* End PBXFrameworksBuildPhase section */

/* Begin PBXGroup section */
		0A612472289CE87D00B02DEE /* Impl */ = {
			isa = PBXGroup;
			children = (
				B45C41C728B31746009C46DB /* SeoulRepositoryImpl.swift */,
				BCD3DFE521789C4FA1562ED7 /* GoogleRepositoryImpl.swift */,
			);
			path = Impl;
			sourceTree = "<group>";
		};
		0A61247A289CFE6300B02DEE /* S206Tests */ = {
			isa = PBXGroup;
			children = (
				B45C41C928B3182B009C46DB /* S206SeoulTests.swift */,
			);
			path = S206Tests;
			sourceTree = "<group>";
		};
		590539ED9B3A7341A61D3852 /* Youtube */ = {
			isa = PBXGroup;
			children = (
				F625AB03512AF113F96F03B9 /* YoutubeDTO.swift */,
			);
			name = Youtube;
			path = Youtube;
			sourceTree = "<group>";
		};
		9A5869B2D12BE6833E8761E1 /* Google */ = {
			isa = PBXGroup;
			children = (
				1B29A65ADF777CF6705F87E4 /* GoogleUsecases.swift */,
			);
			name = Google;
			path = Google;
			sourceTree = "<group>";
		};
		ABB8BB2A91808CCE2CCE1FA5 /* Auth */ = {
			isa = PBXGroup;
			children = (
				8883486DB8F53CF780548C22 /* GoogleSignInManager.swift */,
			);
			name = Auth;
			path = Auth;
			sourceTree = "<group>";
		};
		B4150D9328BC94BF00934C3F /* Impl */ = {
			isa = PBXGroup;
			children = (
				B4150D9428BC94D800934C3F /* SeoulUsecaseImpl.swift */,
			);
			path = Impl;
			sourceTree = "<group>";
		};
		B45A3D37275DAE1000660F6E = {
			isa = PBXGroup;
			children = (
				B45A3D42275DAE1000660F6E /* S206 */,
				0A61247A289CFE6300B02DEE /* S206Tests */,
				BA000000000000000000FFF3 /* Config */,
				B45A3D41275DAE1000660F6E /* Products */,
			);
			sourceTree = "<group>";
		};
		B45A3D41275DAE1000660F6E /* Products */ = {
			isa = PBXGroup;
			children = (
				B45A3D40275DAE1000660F6E /* S206.app */,
				0A612479289CFE6300B02DEE /* S206Tests.xctest */,
			);
			name = Products;
			sourceTree = "<group>";
		};
		B45A3D42275DAE1000660F6E /* S206 */ = {
			isa = PBXGroup;
			children = (
				B47D0BC027746CD700DD9C2C /* App */,
				B47D0BA62774687F00DD9C2C /* Resources */,
			);
			path = S206;
			sourceTree = "<group>";
		};
		B45A3D59275DB22000660F6E /* Presentation */ = {
			isa = PBXGroup;
			children = (
				CC1A1A1A1A1A1A1A1A1A1A1A /* LoadState.swift */,
				CC2A2A2A2A2A2A2A2A2A2A2A /* MainViewModel.swift */,
				B45A3D5C275DB23900660F6E /* View */,
				3D933B8CCDF515A1C1831393 /* GoogleAuthState.swift */,
				ABB8BB2A91808CCE2CCE1FA5 /* Auth */,
			);
			path = Presentation;
			sourceTree = "<group>";
		};
		B45A3D5A275DB22E00660F6E /* Domain */ = {
			isa = PBXGroup;
			children = (
				BA000000000000000000AAA1 /* Errors */,
				B45A3D5F275DB2DC00660F6E /* Models */,
				BA000000000000000000BBB1 /* Repositories */,
				B45A3D5D275DB26100660F6E /* Usecases */,
			);
			path = Domain;
			sourceTree = "<group>";
		};
		B45A3D5B275DB23300660F6E /* Data */ = {
			isa = PBXGroup;
			children = (
				B45A3D5E275DB2B100660F6E /* Entities */,
				BA000000000000000000CCC1 /* Mapper */,
				B45A3D62275DB30500660F6E /* Repositories */,
				B45A3D63275DB33A00660F6E /* Source */,
			);
			path = Data;
			sourceTree = "<group>";
		};
		B45A3D5C275DB23900660F6E /* View */ = {
			isa = PBXGroup;
			children = (
				B47D0BBF27746C8A00DD9C2C /* LaunchScreen */,
				B47D0BBE27746C8200DD9C2C /* Main */,
			);
			path = View;
			sourceTree = "<group>";
		};
		B45A3D5D275DB26100660F6E /* Usecases */ = {
			isa = PBXGroup;
			children = (
				B4150D9328BC94BF00934C3F /* Impl */,
				B4150D9128BC94B400934C3F /* SeoulUsecase.swift */,
				9A5869B2D12BE6833E8761E1 /* Google */,
			);
			path = Usecases;
			sourceTree = "<group>";
		};
		B45A3D5E275DB2B100660F6E /* Entities */ = {
			isa = PBXGroup;
			children = (
				B45C41D928B36E97009C46DB /* CulturalEventInfo */,
				590539ED9B3A7341A61D3852 /* Youtube */,
			);
			path = Entities;
			sourceTree = "<group>";
		};
		B45A3D5F275DB2DC00660F6E /* Models */ = {
			isa = PBXGroup;
			children = (
				B45A3D70275DB60200660F6E /* NewCultureEvent.swift */,
				B4150D9628BC992800934C3F /* Response.swift */,
				D02847F0E50256564AB82E12 /* Google */,
			);
			path = Models;
			sourceTree = "<group>";
		};
		B45A3D62275DB30500660F6E /* Repositories */ = {
			isa = PBXGroup;
			children = (
				0A612472289CE87D00B02DEE /* Impl */,
			);
			path = Repositories;
			sourceTree = "<group>";
		};
		B45A3D63275DB33A00660F6E /* Source */ = {
			isa = PBXGroup;
			children = (
				B45A3D65275DB34700660F6E /* Remote */,
				B41DE5D9298CE33200532603 /* SeoulDataSource.swift */,
				2FC096A92B0CD7684685E32E /* GoogleDataSource.swift */,
				C2025529A000513E6DA4050B /* Local */,
			);
			path = Source;
			sourceTree = "<group>";
		};
		B45A3D65275DB34700660F6E /* Remote */ = {
			isa = PBXGroup;
			children = (
				BA000000000000000000DDD1 /* NetworkConfig.swift */,
				B45C41C328B3162A009C46DB /* SeoulApi.swift */,
				DA0FB3A28EB4F965E0B4532B /* GoogleConfig.swift */,
				A107C274BC3E2F14AF79AB30 /* GoogleApi.swift */,
				D226EF1F469A80F216BECA82 /* GoogleAuthInterceptor.swift */,
			);
			path = Remote;
			sourceTree = "<group>";
		};
		B45C41D928B36E97009C46DB /* CulturalEventInfo */ = {
			isa = PBXGroup;
			children = (
				B45C41D728B36A34009C46DB /* CulturalEventInfo.swift */,
				B45C41DA28B36F6B009C46DB /* CulturalEventInfoResponse.swift */,
				B45C41DC28B36F86009C46DB /* CulturalEventInfoResult.swift */,
				B45C41DE28B36FC1009C46DB /* CulturalEvent.swift */,
			);
			path = CulturalEventInfo;
			sourceTree = "<group>";
		};
		B47D0BA62774687F00DD9C2C /* Resources */ = {
			isa = PBXGroup;
			children = (
				B47D0BA9277468A900DD9C2C /* Info.plist */,
				B47D0BC527746D1A00DD9C2C /* Localizable.strings */,
				B46711D1277AB5C800C1597F /* Colors.xcassets */,
				B46711D3277AB5D400C1597F /* Images.xcassets */,
			);
			path = Resources;
			sourceTree = "<group>";
		};
		B47D0BBE27746C8200DD9C2C /* Main */ = {
			isa = PBXGroup;
			children = (
				B47D0BBB27746C6300DD9C2C /* Main.storyboard */,
				B45A3D47275DAE1000660F6E /* MainViewController.swift */,
			);
			path = Main;
			sourceTree = "<group>";
		};
		B47D0BBF27746C8A00DD9C2C /* LaunchScreen */ = {
			isa = PBXGroup;
			children = (
				B47D0BB927746C5200DD9C2C /* LaunchScreen.storyboard */,
			);
			path = LaunchScreen;
			sourceTree = "<group>";
		};
		B47D0BC027746CD700DD9C2C /* App */ = {
			isa = PBXGroup;
			children = (
				B45A3D5B275DB23300660F6E /* Data */,
				BA000000000000000000EEE1 /* DI */,
				B45A3D5A275DB22E00660F6E /* Domain */,
				B45A3D59275DB22000660F6E /* Presentation */,
				B45A3D43275DAE1000660F6E /* AppDelegate.swift */,
				B45A3D45275DAE1000660F6E /* SceneDelegate.swift */,
			);
			path = App;
			sourceTree = "<group>";
		};
		BA000000000000000000AAA1 /* Errors */ = {
			isa = PBXGroup;
			children = (
				BA000000000000000000AAA2 /* SeoulError.swift */,
				FD4DFA3B25F050B286262FF9 /* GoogleError.swift */,
			);
			path = Errors;
			sourceTree = "<group>";
		};
		BA000000000000000000BBB1 /* Repositories */ = {
			isa = PBXGroup;
			children = (
				BA000000000000000000BBB2 /* SeoulRepository.swift */,
				15FFEF05A120B7A206B62BBA /* GoogleRepository.swift */,
			);
			path = Repositories;
			sourceTree = "<group>";
		};
		BA000000000000000000CCC1 /* Mapper */ = {
			isa = PBXGroup;
			children = (
				BA000000000000000000CCC2 /* SeoulMapper.swift */,
				F9F4AF4757E8B08556242B9B /* GoogleMapper.swift */,
			);
			path = Mapper;
			sourceTree = "<group>";
		};
		BA000000000000000000EEE1 /* DI */ = {
			isa = PBXGroup;
			children = (
				BA000000000000000000EEE2 /* AppContainer.swift */,
			);
			path = DI;
			sourceTree = "<group>";
		};
		BA000000000000000000FFF3 /* Config */ = {
			isa = PBXGroup;
			children = (
				BA000000000000000000FFF1 /* Secrets.xcconfig */,
				BA000000000000000000FFF2 /* Secrets.xcconfig.example */,
			);
			path = Config;
			sourceTree = "<group>";
		};
		C2025529A000513E6DA4050B /* Local */ = {
			isa = PBXGroup;
			children = (
				E18C2B020F0C37BC3147CDA2 /* TokenStore.swift */,
			);
			name = Local;
			path = Local;
			sourceTree = "<group>";
		};
		D02847F0E50256564AB82E12 /* Google */ = {
			isa = PBXGroup;
			children = (
				8A0B81C34696E674C17DD095 /* YoutubeModels.swift */,
			);
			name = Google;
			path = Google;
			sourceTree = "<group>";
		};
/* End PBXGroup section */

/* Begin PBXNativeTarget section */
		0A612478289CFE6300B02DEE /* S206Tests */ = {
			isa = PBXNativeTarget;
			buildConfigurationList = 0A61247F289CFE6300B02DEE /* Build configuration list for PBXNativeTarget "S206Tests" */;
			buildPhases = (
				0A612475289CFE6300B02DEE /* Sources */,
				0A612476289CFE6300B02DEE /* Frameworks */,
				0A612477289CFE6300B02DEE /* Resources */,
			);
			buildRules = (
			);
			dependencies = (
				0A61247E289CFE6300B02DEE /* PBXTargetDependency */,
			);
			name = S206Tests;
			productName = S206Tests;
			productReference = 0A612479289CFE6300B02DEE /* S206Tests.xctest */;
			productType = "com.apple.product-type.bundle.unit-test";
		};
		B45A3D3F275DAE1000660F6E /* S206 */ = {
			isa = PBXNativeTarget;
			buildConfigurationList = B45A3D54275DAE1200660F6E /* Build configuration list for PBXNativeTarget "S206" */;
			buildPhases = (
				B45A3D3C275DAE1000660F6E /* Sources */,
				B45A3D3D275DAE1000660F6E /* Frameworks */,
				B45A3D3E275DAE1000660F6E /* Resources */,
			);
			buildRules = (
			);
			dependencies = (
			);
			name = S206;
			packageProductDependencies = (
				B45C41D528B33D95009C46DB /* Alamofire */,
				F3F542B528EAF94C0081E00A /* Swinject */,
			);
			productName = S206;
			productReference = B45A3D40275DAE1000660F6E /* S206.app */;
			productType = "com.apple.product-type.application";
		};
/* End PBXNativeTarget section */

/* Begin PBXProject section */
		B45A3D38275DAE1000660F6E /* Project object */ = {
			isa = PBXProject;
			attributes = {
				LastSwiftUpdateCheck = 1340;
				LastUpgradeCheck = 1250;
				TargetAttributes = {
					0A612478289CFE6300B02DEE = {
						CreatedOnToolsVersion = 13.4.1;
						TestTargetID = B45A3D3F275DAE1000660F6E;
					};
					B45A3D3F275DAE1000660F6E = {
						CreatedOnToolsVersion = 12.5.1;
					};
				};
			};
			buildConfigurationList = B45A3D3B275DAE1000660F6E /* Build configuration list for PBXProject "S206" */;
			compatibilityVersion = "Xcode 11.0";
			developmentRegion = en;
			hasScannedForEncodings = 0;
			knownRegions = (
				en,
				Base,
				ko,
			);
			mainGroup = B45A3D37275DAE1000660F6E;
			packageReferences = (
				B45C41D428B33D95009C46DB /* XCRemoteSwiftPackageReference "Alamofire" */,
				F3F542B428EAF94C0081E00A /* XCRemoteSwiftPackageReference "Swinject" */,
			);
			productRefGroup = B45A3D41275DAE1000660F6E /* Products */;
			projectDirPath = "";
			projectRoot = "";
			targets = (
				B45A3D3F275DAE1000660F6E /* S206 */,
				0A612478289CFE6300B02DEE /* S206Tests */,
			);
		};
/* End PBXProject section */

/* Begin PBXResourcesBuildPhase section */
		0A612477289CFE6300B02DEE /* Resources */ = {
			isa = PBXResourcesBuildPhase;
			buildActionMask = 2147483647;
			files = (
			);
			runOnlyForDeploymentPostprocessing = 0;
		};
		B45A3D3E275DAE1000660F6E /* Resources */ = {
			isa = PBXResourcesBuildPhase;
			buildActionMask = 2147483647;
			files = (
				B46711D2277AB5C800C1597F /* Colors.xcassets in Resources */,
				B47D0BC327746D1A00DD9C2C /* Localizable.strings in Resources */,
				B47D0BBA27746C5200DD9C2C /* LaunchScreen.storyboard in Resources */,
				B46711D4277AB5D400C1597F /* Images.xcassets in Resources */,
				B47D0BBC27746C6300DD9C2C /* Main.storyboard in Resources */,
			);
			runOnlyForDeploymentPostprocessing = 0;
		};
/* End PBXResourcesBuildPhase section */

/* Begin PBXSourcesBuildPhase section */
		0A612475289CFE6300B02DEE /* Sources */ = {
			isa = PBXSourcesBuildPhase;
			buildActionMask = 2147483647;
			files = (
				B45C41CA28B3182B009C46DB /* S206SeoulTests.swift in Sources */,
			);
			runOnlyForDeploymentPostprocessing = 0;
		};
		B45A3D3C275DAE1000660F6E /* Sources */ = {
			isa = PBXSourcesBuildPhase;
			buildActionMask = 2147483647;
			files = (
				CC1B1B1B1B1B1B1B1B1B1B1B /* LoadState.swift in Sources */,
				CC2B2B2B2B2B2B2B2B2B2B2B /* MainViewModel.swift in Sources */,
				B45A3D48275DAE1000660F6E /* MainViewController.swift in Sources */,
				B41DE5DA298CE33200532603 /* SeoulDataSource.swift in Sources */,
				B45C41C428B3162A009C46DB /* SeoulApi.swift in Sources */,
				B45A3D44275DAE1000660F6E /* AppDelegate.swift in Sources */,
				BA000000000000000000AAA3 /* SeoulError.swift in Sources */,
				BA000000000000000000BBB3 /* SeoulRepository.swift in Sources */,
				BA000000000000000000CCC3 /* SeoulMapper.swift in Sources */,
				BA000000000000000000DDD2 /* NetworkConfig.swift in Sources */,
				BA000000000000000000EEE3 /* AppContainer.swift in Sources */,
				B45C41DD28B36F86009C46DB /* CulturalEventInfoResult.swift in Sources */,
				B4150D9728BC992800934C3F /* Response.swift in Sources */,
				B45C41DB28B36F6B009C46DB /* CulturalEventInfoResponse.swift in Sources */,
				B45A3D71275DB60200660F6E /* NewCultureEvent.swift in Sources */,
				B45C41DF28B36FC1009C46DB /* CulturalEvent.swift in Sources */,
				B4150D9228BC94B400934C3F /* SeoulUsecase.swift in Sources */,
				B45C41D828B36A34009C46DB /* CulturalEventInfo.swift in Sources */,
				B45C41C828B31746009C46DB /* SeoulRepositoryImpl.swift in Sources */,
				B4150D9528BC94D800934C3F /* SeoulUsecaseImpl.swift in Sources */,
				B45A3D46275DAE1000660F6E /* SceneDelegate.swift in Sources */,
				931021ADC8E39173A2EEE966 /* YoutubeModels.swift in Sources */,
				E2A524B589AA9BD396781024 /* GoogleError.swift in Sources */,
				F1DF631E03B633453933194A /* GoogleRepository.swift in Sources */,
				BEA456115F8C6D922DB293F5 /* GoogleUsecases.swift in Sources */,
				E874F640E7C76F878C970F77 /* YoutubeDTO.swift in Sources */,
				A244F1D05BFEA42690CFFDB1 /* GoogleDataSource.swift in Sources */,
				40B787E9E2C8E8F6CAFABCA7 /* GoogleConfig.swift in Sources */,
				FE6F5FEB66ECAC6D8FC6FC5C /* GoogleApi.swift in Sources */,
				19C197841A84F325DC602E19 /* GoogleAuthInterceptor.swift in Sources */,
				CBECA479ED955016F6C1C330 /* TokenStore.swift in Sources */,
				4497ACF899EA6154FDF3B9E1 /* GoogleMapper.swift in Sources */,
				B21755B42CD872FE310DC239 /* GoogleRepositoryImpl.swift in Sources */,
				CBABCF985F5CFC572BA67049 /* GoogleAuthState.swift in Sources */,
				1DEDCF5947EAFA21B2D27BF2 /* GoogleSignInManager.swift in Sources */,
			);
			runOnlyForDeploymentPostprocessing = 0;
		};
/* End PBXSourcesBuildPhase section */

/* Begin PBXTargetDependency section */
		0A61247E289CFE6300B02DEE /* PBXTargetDependency */ = {
			isa = PBXTargetDependency;
			target = B45A3D3F275DAE1000660F6E /* S206 */;
			targetProxy = 0A61247D289CFE6300B02DEE /* PBXContainerItemProxy */;
		};
/* End PBXTargetDependency section */

/* Begin PBXVariantGroup section */
		B47D0BC527746D1A00DD9C2C /* Localizable.strings */ = {
			isa = PBXVariantGroup;
			children = (
				B47D0BC427746D1A00DD9C2C /* en */,
				B47D0BC627746D2A00DD9C2C /* ko */,
			);
			name = Localizable.strings;
			sourceTree = "<group>";
		};
/* End PBXVariantGroup section */

/* Begin XCBuildConfiguration section */
		0A612480289CFE6300B02DEE /* Debug */ = {
			isa = XCBuildConfiguration;
			buildSettings = {
				BUNDLE_LOADER = "$(TEST_HOST)";
				CLANG_CXX_LANGUAGE_STANDARD = "gnu++17";
				CODE_SIGN_STYLE = Manual;
				CURRENT_PROJECT_VERSION = 1;
				DEVELOPMENT_TEAM = 2VQ7QN5M2A;
				GENERATE_INFOPLIST_FILE = YES;
				IPHONEOS_DEPLOYMENT_TARGET = 15.0;
				MARKETING_VERSION = 1.0;
				PRODUCT_BUNDLE_IDENTIFIER = app.peter.S206Tests;
				PRODUCT_NAME = "$(TARGET_NAME)";
				PROVISIONING_PROFILE_SPECIFIER = "";
				"PROVISIONING_PROFILE_SPECIFIER[sdk=macosx*]" = "";
				SWIFT_EMIT_LOC_STRINGS = NO;
				SWIFT_VERSION = 5.0;
				TARGETED_DEVICE_FAMILY = "1,2";
				TEST_HOST = "$(BUILT_PRODUCTS_DIR)/S206.app/S206";
			};
			name = Debug;
		};
		0A612481289CFE6300B02DEE /* Release */ = {
			isa = XCBuildConfiguration;
			buildSettings = {
				BUNDLE_LOADER = "$(TEST_HOST)";
				CLANG_CXX_LANGUAGE_STANDARD = "gnu++17";
				CODE_SIGN_STYLE = Manual;
				CURRENT_PROJECT_VERSION = 1;
				DEVELOPMENT_TEAM = 2VQ7QN5M2A;
				GENERATE_INFOPLIST_FILE = YES;
				IPHONEOS_DEPLOYMENT_TARGET = 15.0;
				MARKETING_VERSION = 1.0;
				PRODUCT_BUNDLE_IDENTIFIER = app.peter.S206Tests;
				PRODUCT_NAME = "$(TARGET_NAME)";
				PROVISIONING_PROFILE_SPECIFIER = "";
				"PROVISIONING_PROFILE_SPECIFIER[sdk=macosx*]" = "";
				SWIFT_EMIT_LOC_STRINGS = NO;
				SWIFT_VERSION = 5.0;
				TARGETED_DEVICE_FAMILY = "1,2";
				TEST_HOST = "$(BUILT_PRODUCTS_DIR)/S206.app/S206";
			};
			name = Release;
		};
		B45A3D52275DAE1200660F6E /* Debug */ = {
			isa = XCBuildConfiguration;
			buildSettings = {
				ALWAYS_SEARCH_USER_PATHS = NO;
				CLANG_ANALYZER_LOCALIZABILITY_NONLOCALIZED = YES;
				CLANG_ANALYZER_NONNULL = YES;
				CLANG_ANALYZER_NUMBER_OBJECT_CONVERSION = YES_AGGRESSIVE;
				CLANG_CXX_LANGUAGE_STANDARD = "gnu++14";
				CLANG_CXX_LIBRARY = "libc++";
				CLANG_ENABLE_MODULES = YES;
				CLANG_ENABLE_OBJC_ARC = YES;
				CLANG_ENABLE_OBJC_WEAK = YES;
				CLANG_WARN_BLOCK_CAPTURE_AUTORELEASING = YES;
				CLANG_WARN_BOOL_CONVERSION = YES;
				CLANG_WARN_COMMA = YES;
				CLANG_WARN_CONSTANT_CONVERSION = YES;
				CLANG_WARN_DEPRECATED_OBJC_IMPLEMENTATIONS = YES;
				CLANG_WARN_DIRECT_OBJC_ISA_USAGE = YES_ERROR;
				CLANG_WARN_DOCUMENTATION_COMMENTS = YES;
				CLANG_WARN_EMPTY_BODY = YES;
				CLANG_WARN_ENUM_CONVERSION = YES;
				CLANG_WARN_INFINITE_RECURSION = YES;
				CLANG_WARN_INT_CONVERSION = YES;
				CLANG_WARN_NON_LITERAL_NULL_CONVERSION = YES;
				CLANG_WARN_OBJC_IMPLICIT_RETAIN_SELF = YES;
				CLANG_WARN_OBJC_LITERAL_CONVERSION = YES;
				CLANG_WARN_OBJC_ROOT_CLASS = YES_ERROR;
				CLANG_WARN_QUOTED_INCLUDE_IN_FRAMEWORK_HEADER = YES;
				CLANG_WARN_RANGE_LOOP_ANALYSIS = YES;
				CLANG_WARN_STRICT_PROTOTYPES = YES;
				CLANG_WARN_SUSPICIOUS_MOVE = YES;
				CLANG_WARN_UNGUARDED_AVAILABILITY = YES_AGGRESSIVE;
				CLANG_WARN_UNREACHABLE_CODE = YES;
				CLANG_WARN__DUPLICATE_METHOD_MATCH = YES;
				COPY_PHASE_STRIP = NO;
				DEBUG_INFORMATION_FORMAT = dwarf;
				ENABLE_STRICT_OBJC_MSGSEND = YES;
				ENABLE_TESTABILITY = YES;
				ENABLE_TESTING_SEARCH_PATHS = YES;
				GCC_C_LANGUAGE_STANDARD = gnu11;
				GCC_DYNAMIC_NO_PIC = NO;
				GCC_NO_COMMON_BLOCKS = YES;
				GCC_OPTIMIZATION_LEVEL = 0;
				GCC_PREPROCESSOR_DEFINITIONS = (
					"DEBUG=1",
					"$(inherited)",
				);
				GCC_WARN_64_TO_32_BIT_CONVERSION = YES;
				GCC_WARN_ABOUT_RETURN_TYPE = YES_ERROR;
				GCC_WARN_UNDECLARED_SELECTOR = YES;
				GCC_WARN_UNINITIALIZED_AUTOS = YES_AGGRESSIVE;
				GCC_WARN_UNUSED_FUNCTION = YES;
				GCC_WARN_UNUSED_VARIABLE = YES;
				IPHONEOS_DEPLOYMENT_TARGET = 15.0;
				MTL_ENABLE_DEBUG_INFO = INCLUDE_SOURCE;
				MTL_FAST_MATH = YES;
				ONLY_ACTIVE_ARCH = YES;
				SDKROOT = iphoneos;
				SWIFT_ACTIVE_COMPILATION_CONDITIONS = DEBUG;
				SWIFT_OPTIMIZATION_LEVEL = "-Onone";
			};
			name = Debug;
		};
		B45A3D53275DAE1200660F6E /* Release */ = {
			isa = XCBuildConfiguration;
			buildSettings = {
				ALWAYS_SEARCH_USER_PATHS = NO;
				CLANG_ANALYZER_LOCALIZABILITY_NONLOCALIZED = YES;
				CLANG_ANALYZER_NONNULL = YES;
				CLANG_ANALYZER_NUMBER_OBJECT_CONVERSION = YES_AGGRESSIVE;
				CLANG_CXX_LANGUAGE_STANDARD = "gnu++14";
				CLANG_CXX_LIBRARY = "libc++";
				CLANG_ENABLE_MODULES = YES;
				CLANG_ENABLE_OBJC_ARC = YES;
				CLANG_ENABLE_OBJC_WEAK = YES;
				CLANG_WARN_BLOCK_CAPTURE_AUTORELEASING = YES;
				CLANG_WARN_BOOL_CONVERSION = YES;
				CLANG_WARN_COMMA = YES;
				CLANG_WARN_CONSTANT_CONVERSION = YES;
				CLANG_WARN_DEPRECATED_OBJC_IMPLEMENTATIONS = YES;
				CLANG_WARN_DIRECT_OBJC_ISA_USAGE = YES_ERROR;
				CLANG_WARN_DOCUMENTATION_COMMENTS = YES;
				CLANG_WARN_EMPTY_BODY = YES;
				CLANG_WARN_ENUM_CONVERSION = YES;
				CLANG_WARN_INFINITE_RECURSION = YES;
				CLANG_WARN_INT_CONVERSION = YES;
				CLANG_WARN_NON_LITERAL_NULL_CONVERSION = YES;
				CLANG_WARN_OBJC_IMPLICIT_RETAIN_SELF = YES;
				CLANG_WARN_OBJC_LITERAL_CONVERSION = YES;
				CLANG_WARN_OBJC_ROOT_CLASS = YES_ERROR;
				CLANG_WARN_QUOTED_INCLUDE_IN_FRAMEWORK_HEADER = YES;
				CLANG_WARN_RANGE_LOOP_ANALYSIS = YES;
				CLANG_WARN_STRICT_PROTOTYPES = YES;
				CLANG_WARN_SUSPICIOUS_MOVE = YES;
				CLANG_WARN_UNGUARDED_AVAILABILITY = YES_AGGRESSIVE;
				CLANG_WARN_UNREACHABLE_CODE = YES;
				CLANG_WARN__DUPLICATE_METHOD_MATCH = YES;
				COPY_PHASE_STRIP = NO;
				DEBUG_INFORMATION_FORMAT = "dwarf-with-dsym";
				ENABLE_NS_ASSERTIONS = NO;
				ENABLE_STRICT_OBJC_MSGSEND = YES;
				ENABLE_TESTABILITY = YES;
				ENABLE_TESTING_SEARCH_PATHS = YES;
				GCC_C_LANGUAGE_STANDARD = gnu11;
				GCC_NO_COMMON_BLOCKS = YES;
				GCC_WARN_64_TO_32_BIT_CONVERSION = YES;
				GCC_WARN_ABOUT_RETURN_TYPE = YES_ERROR;
				GCC_WARN_UNDECLARED_SELECTOR = YES;
				GCC_WARN_UNINITIALIZED_AUTOS = YES_AGGRESSIVE;
				GCC_WARN_UNUSED_FUNCTION = YES;
				GCC_WARN_UNUSED_VARIABLE = YES;
				IPHONEOS_DEPLOYMENT_TARGET = 15.0;
				MTL_ENABLE_DEBUG_INFO = NO;
				MTL_FAST_MATH = YES;
				SDKROOT = iphoneos;
				SWIFT_COMPILATION_MODE = wholemodule;
				SWIFT_OPTIMIZATION_LEVEL = "-O";
				VALIDATE_PRODUCT = YES;
			};
			name = Release;
		};
		B45A3D55275DAE1200660F6E /* Debug */ = {
			isa = XCBuildConfiguration;
			baseConfigurationReference = BA000000000000000000FFF1 /* Secrets.xcconfig */;
			buildSettings = {
				ASSETCATALOG_COMPILER_APPICON_NAME = app_icon;
				ASSETCATALOG_COMPILER_GLOBAL_ACCENT_COLOR_NAME = "";
				CODE_SIGN_IDENTITY = "Apple Development";
				CODE_SIGN_STYLE = Automatic;
				DEVELOPMENT_TEAM = K68T34XSW2;
				INFOPLIST_FILE = "$(SRCROOT)/S206/Resources/Info.plist";
				IPHONEOS_DEPLOYMENT_TARGET = 15.0;
				LD_RUNPATH_SEARCH_PATHS = (
					"$(inherited)",
					"@executable_path/Frameworks",
				);
				PRODUCT_BUNDLE_IDENTIFIER = app.peter.S206;
				PRODUCT_NAME = "$(TARGET_NAME)";
				PROVISIONING_PROFILE_SPECIFIER = "";
				SWIFT_VERSION = 5.0;
				TARGETED_DEVICE_FAMILY = "1,2";
			};
			name = Debug;
		};
		B45A3D56275DAE1200660F6E /* Release */ = {
			isa = XCBuildConfiguration;
			baseConfigurationReference = BA000000000000000000FFF1 /* Secrets.xcconfig */;
			buildSettings = {
				ASSETCATALOG_COMPILER_APPICON_NAME = app_icon;
				ASSETCATALOG_COMPILER_GLOBAL_ACCENT_COLOR_NAME = "";
				CODE_SIGN_IDENTITY = "Apple Development";
				CODE_SIGN_STYLE = Automatic;
				DEVELOPMENT_TEAM = K68T34XSW2;
				INFOPLIST_FILE = "$(SRCROOT)/S206/Resources/Info.plist";
				IPHONEOS_DEPLOYMENT_TARGET = 15.0;
				LD_RUNPATH_SEARCH_PATHS = (
					"$(inherited)",
					"@executable_path/Frameworks",
				);
				PRODUCT_BUNDLE_IDENTIFIER = app.peter.S206;
				PRODUCT_NAME = "$(TARGET_NAME)";
				PROVISIONING_PROFILE_SPECIFIER = "";
				SWIFT_VERSION = 5.0;
				TARGETED_DEVICE_FAMILY = "1,2";
			};
			name = Release;
		};
/* End XCBuildConfiguration section */

/* Begin XCConfigurationList section */
		0A61247F289CFE6300B02DEE /* Build configuration list for PBXNativeTarget "S206Tests" */ = {
			isa = XCConfigurationList;
			buildConfigurations = (
				0A612480289CFE6300B02DEE /* Debug */,
				0A612481289CFE6300B02DEE /* Release */,
			);
			defaultConfigurationIsVisible = 0;
			defaultConfigurationName = Release;
		};
		B45A3D3B275DAE1000660F6E /* Build configuration list for PBXProject "S206" */ = {
			isa = XCConfigurationList;
			buildConfigurations = (
				B45A3D52275DAE1200660F6E /* Debug */,
				B45A3D53275DAE1200660F6E /* Release */,
			);
			defaultConfigurationIsVisible = 0;
			defaultConfigurationName = Release;
		};
		B45A3D54275DAE1200660F6E /* Build configuration list for PBXNativeTarget "S206" */ = {
			isa = XCConfigurationList;
			buildConfigurations = (
				B45A3D55275DAE1200660F6E /* Debug */,
				B45A3D56275DAE1200660F6E /* Release */,
			);
			defaultConfigurationIsVisible = 0;
			defaultConfigurationName = Release;
		};
/* End XCConfigurationList section */

/* Begin XCRemoteSwiftPackageReference section */
		B45C41D428B33D95009C46DB /* XCRemoteSwiftPackageReference "Alamofire" */ = {
			isa = XCRemoteSwiftPackageReference;
			repositoryURL = "https://github.com/Alamofire/Alamofire.git";
			requirement = {
				kind = upToNextMajorVersion;
				minimumVersion = 5.5.0;
			};
		};
		F3F542B428EAF94C0081E00A /* XCRemoteSwiftPackageReference "Swinject" */ = {
			isa = XCRemoteSwiftPackageReference;
			repositoryURL = "https://github.com/Swinject/Swinject.git";
			requirement = {
				kind = upToNextMajorVersion;
				minimumVersion = 2.0.0;
			};
		};
/* End XCRemoteSwiftPackageReference section */

/* Begin XCSwiftPackageProductDependency section */
		B45C41D528B33D95009C46DB /* Alamofire */ = {
			isa = XCSwiftPackageProductDependency;
			package = B45C41D428B33D95009C46DB /* XCRemoteSwiftPackageReference "Alamofire" */;
			productName = Alamofire;
		};
		F3F542B528EAF94C0081E00A /* Swinject */ = {
			isa = XCSwiftPackageProductDependency;
			package = F3F542B428EAF94C0081E00A /* XCRemoteSwiftPackageReference "Swinject" */;
			productName = Swinject;
		};
/* End XCSwiftPackageProductDependency section */
	};
	rootObject = B45A3D38275DAE1000660F6E /* Project object */;
}
